
Microsoft Visual Studio Solution File, Format Version 12.00
# Visual Studio Version 16
VisualStudioVersion = 16.0.31112.23
MinimumVisualStudioVersion = 10.0.40219.1
Project("{FAE04EC0-301F-11D3-BF4B-00C04F79EFBC}") = "Employee Form", "Zoo2\Employee Form.csproj", "{12A5AE6D-CDFD-48A5-91D2-144A7510D195}"
EndProject
Project("{FAE04EC0-301F-11D3-BF4B-00C04F79EFBC}") = "Animal Form", "Animal Form\Animal Form.csproj", "{2ADEAA1E-C719-4D0F-8765-552A8F0EB257}"
EndProject
Project("{FAE04EC0-301F-11D3-BF4B-00C04F79EFBC}") = "Animal Report", "Animal Report\Animal Report.csproj", "{77E10969-3F38-4683-8468-14ED8347A46C}"
EndProject
Project("{FAE04EC0-301F-11D3-BF4B-00C04F79EFBC}") = "GiftShop", "GiftShop\GiftShop.csproj", "{60AFEFE8-CED4-4E11-ACFB-2C6E58CA3C46}"
EndProject
Project("{FAE04EC0-301F-11D3-BF4B-00C04F79EFBC}") = "ItemForm", "ItemForm\ItemForm.csproj", "{07C63E4C-D0A1-4546-AC2B-CD7EACB828C7}"
Project("{FAE04EC0-301F-11D3-BF4B-00C04F79EFBC}") = "TicketBooth", "TicketBooth\TicketBooth.csproj", "{F7DF6DEA-8771-42B6-90CE-A531C41B77B6}"
EndProject
Global
	GlobalSection(SolutionConfigurationPlatforms) = preSolution
		Debug|Any CPU = Debug|Any CPU
		Release|Any CPU = Release|Any CPU
	EndGlobalSection
	GlobalSection(ProjectConfigurationPlatforms) = postSolution
		{12A5AE6D-CDFD-48A5-91D2-144A7510D195}.Debug|Any CPU.ActiveCfg = Debug|Any CPU
		{12A5AE6D-CDFD-48A5-91D2-144A7510D195}.Debug|Any CPU.Build.0 = Debug|Any CPU
		{12A5AE6D-CDFD-48A5-91D2-144A7510D195}.Release|Any CPU.ActiveCfg = Release|Any CPU
		{12A5AE6D-CDFD-48A5-91D2-144A7510D195}.Release|Any CPU.Build.0 = Release|Any CPU
		{2ADEAA1E-C719-4D0F-8765-552A8F0EB257}.Debug|Any CPU.ActiveCfg = Debug|Any CPU
		{2ADEAA1E-C719-4D0F-8765-552A8F0EB257}.Debug|Any CPU.Build.0 = Debug|Any CPU
		{2ADEAA1E-C719-4D0F-8765-552A8F0EB257}.Release|Any CPU.ActiveCfg = Release|Any CPU
		{2ADEAA1E-C719-4D0F-8765-552A8F0EB257}.Release|Any CPU.Build.0 = Release|Any CPU
		{77E10969-3F38-4683-8468-14ED8347A46C}.Debug|Any CPU.ActiveCfg = Debug|Any CPU
		{77E10969-3F38-4683-8468-14ED8347A46C}.Debug|Any CPU.Build.0 = Debug|Any CPU
		{77E10969-3F38-4683-8468-14ED8347A46C}.Release|Any CPU.ActiveCfg = Release|Any CPU
		{77E10969-3F38-4683-8468-14ED8347A46C}.Release|Any CPU.Build.0 = Release|Any CPU
		{60AFEFE8-CED4-4E11-ACFB-2C6E58CA3C46}.Debug|Any CPU.ActiveCfg = Debug|Any CPU
		{60AFEFE8-CED4-4E11-ACFB-2C6E58CA3C46}.Debug|Any CPU.Build.0 = Debug|Any CPU
		{60AFEFE8-CED4-4E11-ACFB-2C6E58CA3C46}.Release|Any CPU.ActiveCfg = Release|Any CPU
		{60AFEFE8-CED4-4E11-ACFB-2C6E58CA3C46}.Release|Any CPU.Build.0 = Release|Any CPU
<<<<<<< HEAD
		{07C63E4C-D0A1-4546-AC2B-CD7EACB828C7}.Debug|Any CPU.ActiveCfg = Debug|Any CPU
		{07C63E4C-D0A1-4546-AC2B-CD7EACB828C7}.Debug|Any CPU.Build.0 = Debug|Any CPU
		{07C63E4C-D0A1-4546-AC2B-CD7EACB828C7}.Release|Any CPU.ActiveCfg = Release|Any CPU
		{07C63E4C-D0A1-4546-AC2B-CD7EACB828C7}.Release|Any CPU.Build.0 = Release|Any CPU
=======
		{F7DF6DEA-8771-42B6-90CE-A531C41B77B6}.Debug|Any CPU.ActiveCfg = Debug|Any CPU
		{F7DF6DEA-8771-42B6-90CE-A531C41B77B6}.Debug|Any CPU.Build.0 = Debug|Any CPU
		{F7DF6DEA-8771-42B6-90CE-A531C41B77B6}.Release|Any CPU.ActiveCfg = Release|Any CPU
		{F7DF6DEA-8771-42B6-90CE-A531C41B77B6}.Release|Any CPU.Build.0 = Release|Any CPU
>>>>>>> c1f67f495ec706e6901b3441928bf76b2d32af3a
	EndGlobalSection
	GlobalSection(SolutionProperties) = preSolution
		HideSolutionNode = FALSE
	EndGlobalSection
	GlobalSection(ExtensibilityGlobals) = postSolution
		SolutionGuid = {1E8DA163-AFDD-48B5-AD24-438583CFD88E}
	EndGlobalSection
EndGlobal
